
Microsoft Visual Studio Solution File, Format Version 12.00
# Visual Studio Version 17
VisualStudioVersion = 17.0.31912.275
MinimumVisualStudioVersion = 10.0.40219.1
Project("{FAE04EC0-301F-11D3-BF4B-00C04F79EFBC}") = "PhotoManagement", "PhotoManagement\PhotoManagement.csproj", "{55427DD1-ED29-4D0A-B06E-5CE5FDAD41E7}"
EndProject
Global
	GlobalSection(SolutionConfigurationPlatforms) = preSolution
		Debug|Any CPU = Debug|Any CPU
		Release|Any CPU = Release|Any CPU
	EndGlobalSection
	GlobalSection(ProjectConfigurationPlatforms) = postSolution
		{55427DD1-ED29-4D0A-B06E-5CE5FDAD41E7}.Debug|Any CPU.ActiveCfg = Debug|Any CPU
		{55427DD1-ED29-4D0A-B06E-5CE5FDAD41E7}.Debug|Any CPU.Build.0 = Debug|Any CPU
		{55427DD1-ED29-4D0A-B06E-5CE5FDAD41E7}.Release|Any CPU.ActiveCfg = Release|Any CPU
		{55427DD1-ED29-4D0A-B06E-5CE5FDAD41E7}.Release|Any CPU.Build.0 = Release|Any CPU
	EndGlobalSection
	GlobalSection(SolutionProperties) = preSolution
		HideSolutionNode = FALSE
	EndGlobalSection
	GlobalSection(ExtensibilityGlobals) = postSolution
		SolutionGuid = {E2DA1E5C-602C-4EDC-9A1E-10B32A29663B}
	EndGlobalSection
EndGlobal
